
Microsoft Visual Studio Solution File, Format Version 12.00
# Visual Studio Version 17
VisualStudioVersion = 17.3.32819.101
MinimumVisualStudioVersion = 10.0.40219.1
Project("{9A19103F-16F7-4668-BE54-9A1E7A4F7556}") = "BLL", "BLL\BLL.csproj", "{CBEDE166-D633-4704-8159-B6DBCB148CEA}"
EndProject
Project("{9A19103F-16F7-4668-BE54-9A1E7A4F7556}") = "DM", "DM\DM.csproj", "{7DFB9B0C-8FF7-495D-9AD1-139D985F1A1F}"
EndProject
Project("{9A19103F-16F7-4668-BE54-9A1E7A4F7556}") = "DAL", "DAL\DAL.csproj", "{1AE33E9F-639B-4D10-B655-FBAFA88D2C60}"
EndProject
Project("{9A19103F-16F7-4668-BE54-9A1E7A4F7556}") = "ConsoleUI", "ConsoleUI\ConsoleUI.csproj", "{2C9627C3-2EF5-4FB2-993A-C0D4605BFED0}"
EndProject
Project("{2150E333-8FDC-42A3-9474-1A3956D46DE8}") = "Logic", "Logic", "{568FEE75-8402-4695-B884-321B5CEB7A75}"
EndProject
Project("{2150E333-8FDC-42A3-9474-1A3956D46DE8}") = "Tests", "Tests", "{4476D479-6922-4111-BB2D-A2F20B8E084B}"
EndProject
Project("{2150E333-8FDC-42A3-9474-1A3956D46DE8}") = "Data", "Data", "{9A722FA6-B5B3-462F-B868-D36D030FD4EE}"
EndProject
Project("{9A19103F-16F7-4668-BE54-9A1E7A4F7556}") = "Console.Tests", "Tests\Console.Tests.csproj", "{5321EB8C-3ABD-435C-870B-C697F68472D7}"
EndProject
Project("{FAE04EC0-301F-11D3-BF4B-00C04F79EFBC}") = "BLLTests", "BLLTests\BLLTests.csproj", "{A8DE223D-63D5-4799-8725-93FAA073E9E0}"
EndProject
Global
	GlobalSection(SolutionConfigurationPlatforms) = preSolution
		Debug|Any CPU = Debug|Any CPU
		Release|Any CPU = Release|Any CPU
	EndGlobalSection
	GlobalSection(ProjectConfigurationPlatforms) = postSolution
		{CBEDE166-D633-4704-8159-B6DBCB148CEA}.Debug|Any CPU.ActiveCfg = Debug|Any CPU
		{CBEDE166-D633-4704-8159-B6DBCB148CEA}.Debug|Any CPU.Build.0 = Debug|Any CPU
		{CBEDE166-D633-4704-8159-B6DBCB148CEA}.Release|Any CPU.ActiveCfg = Release|Any CPU
		{CBEDE166-D633-4704-8159-B6DBCB148CEA}.Release|Any CPU.Build.0 = Release|Any CPU
		{7DFB9B0C-8FF7-495D-9AD1-139D985F1A1F}.Debug|Any CPU.ActiveCfg = Debug|Any CPU
		{7DFB9B0C-8FF7-495D-9AD1-139D985F1A1F}.Debug|Any CPU.Build.0 = Debug|Any CPU
		{7DFB9B0C-8FF7-495D-9AD1-139D985F1A1F}.Release|Any CPU.ActiveCfg = Release|Any CPU
		{7DFB9B0C-8FF7-495D-9AD1-139D985F1A1F}.Release|Any CPU.Build.0 = Release|Any CPU
		{1AE33E9F-639B-4D10-B655-FBAFA88D2C60}.Debug|Any CPU.ActiveCfg = Debug|Any CPU
		{1AE33E9F-639B-4D10-B655-FBAFA88D2C60}.Debug|Any CPU.Build.0 = Debug|Any CPU
		{1AE33E9F-639B-4D10-B655-FBAFA88D2C60}.Release|Any CPU.ActiveCfg = Release|Any CPU
		{1AE33E9F-639B-4D10-B655-FBAFA88D2C60}.Release|Any CPU.Build.0 = Release|Any CPU
		{2C9627C3-2EF5-4FB2-993A-C0D4605BFED0}.Debug|Any CPU.ActiveCfg = Debug|Any CPU
		{2C9627C3-2EF5-4FB2-993A-C0D4605BFED0}.Debug|Any CPU.Build.0 = Debug|Any CPU
		{2C9627C3-2EF5-4FB2-993A-C0D4605BFED0}.Release|Any CPU.ActiveCfg = Release|Any CPU
		{2C9627C3-2EF5-4FB2-993A-C0D4605BFED0}.Release|Any CPU.Build.0 = Release|Any CPU
		{5321EB8C-3ABD-435C-870B-C697F68472D7}.Debug|Any CPU.ActiveCfg = Debug|Any CPU
		{5321EB8C-3ABD-435C-870B-C697F68472D7}.Debug|Any CPU.Build.0 = Debug|Any CPU
		{5321EB8C-3ABD-435C-870B-C697F68472D7}.Release|Any CPU.ActiveCfg = Release|Any CPU
		{5321EB8C-3ABD-435C-870B-C697F68472D7}.Release|Any CPU.Build.0 = Release|Any CPU
		{A8DE223D-63D5-4799-8725-93FAA073E9E0}.Debug|Any CPU.ActiveCfg = Debug|Any CPU
		{A8DE223D-63D5-4799-8725-93FAA073E9E0}.Debug|Any CPU.Build.0 = Debug|Any CPU
		{A8DE223D-63D5-4799-8725-93FAA073E9E0}.Release|Any CPU.ActiveCfg = Release|Any CPU
		{A8DE223D-63D5-4799-8725-93FAA073E9E0}.Release|Any CPU.Build.0 = Release|Any CPU
	EndGlobalSection
	GlobalSection(SolutionProperties) = preSolution
		HideSolutionNode = FALSE
	EndGlobalSection
	GlobalSection(NestedProjects) = preSolution
		{CBEDE166-D633-4704-8159-B6DBCB148CEA} = {568FEE75-8402-4695-B884-321B5CEB7A75}
		{7DFB9B0C-8FF7-495D-9AD1-139D985F1A1F} = {9A722FA6-B5B3-462F-B868-D36D030FD4EE}
		{1AE33E9F-639B-4D10-B655-FBAFA88D2C60} = {9A722FA6-B5B3-462F-B868-D36D030FD4EE}
		{5321EB8C-3ABD-435C-870B-C697F68472D7} = {4476D479-6922-4111-BB2D-A2F20B8E084B}
		{A8DE223D-63D5-4799-8725-93FAA073E9E0} = {4476D479-6922-4111-BB2D-A2F20B8E084B}
	EndGlobalSection
	GlobalSection(ExtensibilityGlobals) = postSolution
		SolutionGuid = {613B079B-4852-4EA9-BAD9-59C8AA7E0DD5}
	EndGlobalSection
EndGlobal
